// !$*UTF8*$!
{
	archiveVersion = 1;
	classes = {
	};
	objectVersion = 50;
	objects = {

/* Begin PBXBuildFile section */
		013DF76924191D7800BFBD17 /* AppleScriptObjC.framework in Frameworks */ = {isa = PBXBuildFile; fileRef = 013DF76824191D7800BFBD17 /* AppleScriptObjC.framework */; };
		013DF76C24191D7800BFBD17 /* AppDelegate.applescript in Sources */ = {isa = PBXBuildFile; fileRef = 013DF76B24191D7800BFBD17 /* AppDelegate.applescript */; };
		013DF76E24191D7C00BFBD17 /* Assets.xcassets in Resources */ = {isa = PBXBuildFile; fileRef = 013DF76D24191D7C00BFBD17 /* Assets.xcassets */; };
		013DF77124191D7C00BFBD17 /* MainMenu.xib in Resources */ = {isa = PBXBuildFile; fileRef = 013DF76F24191D7C00BFBD17 /* MainMenu.xib */; };
		013DF77424191D7C00BFBD17 /* main.m in Sources */ = {isa = PBXBuildFile; fileRef = 013DF77324191D7C00BFBD17 /* main.m */; };
		013DF78D2419D80300BFBD17 /* arrowbuttonPressed.tiff in Resources */ = {isa = PBXBuildFile; fileRef = 013DF77A2419D7FF00BFBD17 /* arrowbuttonPressed.tiff */; };
		013DF78E2419D80300BFBD17 /* cancel.tiff in Resources */ = {isa = PBXBuildFile; fileRef = 013DF77B2419D7FF00BFBD17 /* cancel.tiff */; };
		013DF78F2419D80300BFBD17 /* arrowbutton.tiff in Resources */ = {isa = PBXBuildFile; fileRef = 013DF77C2419D7FF00BFBD17 /* arrowbutton.tiff */; };
		013DF7902419D80300BFBD17 /* CDAudioVolumeIcon.icns in Resources */ = {isa = PBXBuildFile; fileRef = 013DF77D2419D7FF00BFBD17 /* CDAudioVolumeIcon.icns */; };
		013DF7912419D80300BFBD17 /* GenericFolderIcon.icns in Resources */ = {isa = PBXBuildFile; fileRef = 013DF77E2419D80000BFBD17 /* GenericFolderIcon.icns */; };
		013DF7922419D80300BFBD17 /* cancelPressed.tiff in Resources */ = {isa = PBXBuildFile; fileRef = 013DF77F2419D80000BFBD17 /* cancelPressed.tiff */; };
		013DF7932419D80300BFBD17 /* External.icns in Resources */ = {isa = PBXBuildFile; fileRef = 013DF7802419D80000BFBD17 /* External.icns */; };
		013DF7942419D80300BFBD17 /* restart.tiff in Resources */ = {isa = PBXBuildFile; fileRef = 013DF7812419D80000BFBD17 /* restart.tiff */; };
		013DF7952419D80300BFBD17 /* arrowbuttonLeftPressed.tiff in Resources */ = {isa = PBXBuildFile; fileRef = 013DF7822419D80000BFBD17 /* arrowbuttonLeftPressed.tiff */; };
		013DF7962419D80300BFBD17 /* moreInfoPressed.tiff in Resources */ = {isa = PBXBuildFile; fileRef = 013DF7832419D80100BFBD17 /* moreInfoPressed.tiff */; };
		013DF7972419D80300BFBD17 /* restartPressed.tiff in Resources */ = {isa = PBXBuildFile; fileRef = 013DF7842419D80100BFBD17 /* restartPressed.tiff */; };
		013DF7982419D80300BFBD17 /* Installer.icns in Resources */ = {isa = PBXBuildFile; fileRef = 013DF7852419D80100BFBD17 /* Installer.icns */; };
		013DF7992419D80300BFBD17 /* skipButton.tiff in Resources */ = {isa = PBXBuildFile; fileRef = 013DF7862419D80100BFBD17 /* skipButton.tiff */; };
		013DF79A2419D80300BFBD17 /* skipButtonPressed.tiff in Resources */ = {isa = PBXBuildFile; fileRef = 013DF7872419D80200BFBD17 /* skipButtonPressed.tiff */; };
		013DF79B2419D80300BFBD17 /* start.tiff in Resources */ = {isa = PBXBuildFile; fileRef = 013DF7882419D80200BFBD17 /* start.tiff */; };
		013DF79C2419D80300BFBD17 /* startPressed.tiff in Resources */ = {isa = PBXBuildFile; fileRef = 013DF7892419D80200BFBD17 /* startPressed.tiff */; };
		013DF79D2419D80300BFBD17 /* moreInfo.tiff in Resources */ = {isa = PBXBuildFile; fileRef = 013DF78A2419D80200BFBD17 /* moreInfo.tiff */; };
		013DF79E2419D80300BFBD17 /* DownloadsFolder.icns in Resources */ = {isa = PBXBuildFile; fileRef = 013DF78B2419D80300BFBD17 /* DownloadsFolder.icns */; };
		013DF79F2419D80300BFBD17 /* arrowbuttonLeft.tiff in Resources */ = {isa = PBXBuildFile; fileRef = 013DF78C2419D80300BFBD17 /* arrowbuttonLeft.tiff */; };
		013DF7A42419D9AC00BFBD17 /* Picture1.png in Resources */ = {isa = PBXBuildFile; fileRef = 013DF7A22419D9AC00BFBD17 /* Picture1.png */; };
/* End PBXBuildFile section */

/* Begin PBXFileReference section */
		013DF76524191D7800BFBD17 /* CreateInstallMedia Beta.app */ = {isa = PBXFileReference; explicitFileType = wrapper.application; includeInIndex = 0; path = "CreateInstallMedia Beta.app"; sourceTree = BUILT_PRODUCTS_DIR; };
		013DF76824191D7800BFBD17 /* AppleScriptObjC.framework */ = {isa = PBXFileReference; lastKnownFileType = wrapper.framework; name = AppleScriptObjC.framework; path = System/Library/Frameworks/AppleScriptObjC.framework; sourceTree = SDKROOT; };
		013DF76B24191D7800BFBD17 /* AppDelegate.applescript */ = {isa = PBXFileReference; lastKnownFileType = sourcecode.applescript; path = AppDelegate.applescript; sourceTree = "<group>"; };
		013DF76D24191D7C00BFBD17 /* Assets.xcassets */ = {isa = PBXFileReference; lastKnownFileType = folder.assetcatalog; path = Assets.xcassets; sourceTree = "<group>"; };
		013DF77024191D7C00BFBD17 /* Base */ = {isa = PBXFileReference; lastKnownFileType = file.xib; name = Base; path = Base.lproj/MainMenu.xib; sourceTree = "<group>"; };
		013DF77224191D7C00BFBD17 /* Info.plist */ = {isa = PBXFileReference; lastKnownFileType = text.plist.xml; path = Info.plist; sourceTree = "<group>"; };
		013DF77324191D7C00BFBD17 /* main.m */ = {isa = PBXFileReference; lastKnownFileType = sourcecode.c.objc; path = main.m; sourceTree = "<group>"; };
		013DF77A2419D7FF00BFBD17 /* arrowbuttonPressed.tiff */ = {isa = PBXFileReference; lastKnownFileType = image.tiff; path = arrowbuttonPressed.tiff; sourceTree = "<group>"; };
		013DF77B2419D7FF00BFBD17 /* cancel.tiff */ = {isa = PBXFileReference; lastKnownFileType = image.tiff; path = cancel.tiff; sourceTree = "<group>"; };
		013DF77C2419D7FF00BFBD17 /* arrowbutton.tiff */ = {isa = PBXFileReference; lastKnownFileType = image.tiff; path = arrowbutton.tiff; sourceTree = "<group>"; };
		013DF77D2419D7FF00BFBD17 /* CDAudioVolumeIcon.icns */ = {isa = PBXFileReference; lastKnownFileType = image.icns; path = CDAudioVolumeIcon.icns; sourceTree = "<group>"; };
		013DF77E2419D80000BFBD17 /* GenericFolderIcon.icns */ = {isa = PBXFileReference; lastKnownFileType = image.icns; path = GenericFolderIcon.icns; sourceTree = "<group>"; };
		013DF77F2419D80000BFBD17 /* cancelPressed.tiff */ = {isa = PBXFileReference; lastKnownFileType = image.tiff; path = cancelPressed.tiff; sourceTree = "<group>"; };
		013DF7802419D80000BFBD17 /* External.icns */ = {isa = PBXFileReference; lastKnownFileType = image.icns; path = External.icns; sourceTree = "<group>"; };
		013DF7812419D80000BFBD17 /* restart.tiff */ = {isa = PBXFileReference; lastKnownFileType = image.tiff; path = restart.tiff; sourceTree = "<group>"; };
		013DF7822419D80000BFBD17 /* arrowbuttonLeftPressed.tiff */ = {isa = PBXFileReference; lastKnownFileType = image.tiff; path = arrowbuttonLeftPressed.tiff; sourceTree = "<group>"; };
		013DF7832419D80100BFBD17 /* moreInfoPressed.tiff */ = {isa = PBXFileReference; lastKnownFileType = image.tiff; path = moreInfoPressed.tiff; sourceTree = "<group>"; };
		013DF7842419D80100BFBD17 /* restartPressed.tiff */ = {isa = PBXFileReference; lastKnownFileType = image.tiff; path = restartPressed.tiff; sourceTree = "<group>"; };
		013DF7852419D80100BFBD17 /* Installer.icns */ = {isa = PBXFileReference; lastKnownFileType = image.icns; path = Installer.icns; sourceTree = "<group>"; };
		013DF7862419D80100BFBD17 /* skipButton.tiff */ = {isa = PBXFileReference; lastKnownFileType = image.tiff; path = skipButton.tiff; sourceTree = "<group>"; };
		013DF7872419D80200BFBD17 /* skipButtonPressed.tiff */ = {isa = PBXFileReference; lastKnownFileType = image.tiff; path = skipButtonPressed.tiff; sourceTree = "<group>"; };
		013DF7882419D80200BFBD17 /* start.tiff */ = {isa = PBXFileReference; lastKnownFileType = image.tiff; path = start.tiff; sourceTree = "<group>"; };
		013DF7892419D80200BFBD17 /* startPressed.tiff */ = {isa = PBXFileReference; lastKnownFileType = image.tiff; path = startPressed.tiff; sourceTree = "<group>"; };
		013DF78A2419D80200BFBD17 /* moreInfo.tiff */ = {isa = PBXFileReference; lastKnownFileType = image.tiff; path = moreInfo.tiff; sourceTree = "<group>"; };
		013DF78B2419D80300BFBD17 /* DownloadsFolder.icns */ = {isa = PBXFileReference; lastKnownFileType = image.icns; path = DownloadsFolder.icns; sourceTree = "<group>"; };
		013DF78C2419D80300BFBD17 /* arrowbuttonLeft.tiff */ = {isa = PBXFileReference; lastKnownFileType = image.tiff; path = arrowbuttonLeft.tiff; sourceTree = "<group>"; };
		013DF7A22419D9AC00BFBD17 /* Picture1.png */ = {isa = PBXFileReference; lastKnownFileType = image.png; path = Picture1.png; sourceTree = "<group>"; };
/* End PBXFileReference section */

/* Begin PBXFrameworksBuildPhase section */
		013DF76224191D7800BFBD17 /* Frameworks */ = {
			isa = PBXFrameworksBuildPhase;
			buildActionMask = 2147483647;
			files = (
				013DF76924191D7800BFBD17 /* AppleScriptObjC.framework in Frameworks */,
			);
			runOnlyForDeploymentPostprocessing = 0;
		};
/* End PBXFrameworksBuildPhase section */

/* Begin PBXGroup section */
		013DF75C24191D7800BFBD17 = {
			isa = PBXGroup;
			children = (
				013DF76A24191D7800BFBD17 /* CreateInstallMedia */,
				013DF76724191D7800BFBD17 /* Frameworks */,
				013DF76624191D7800BFBD17 /* Products */,
				013DF7A22419D9AC00BFBD17 /* Picture1.png */,
				013DF7A02419D81000BFBD17 /* Images */,
			);
			sourceTree = "<group>";
		};
		013DF76624191D7800BFBD17 /* Products */ = {
			isa = PBXGroup;
			children = (
				013DF76524191D7800BFBD17 /* CreateInstallMedia Beta.app */,
			);
			name = Products;
			sourceTree = "<group>";
		};
		013DF76724191D7800BFBD17 /* Frameworks */ = {
			isa = PBXGroup;
			children = (
				013DF76824191D7800BFBD17 /* AppleScriptObjC.framework */,
			);
			name = Frameworks;
			sourceTree = "<group>";
		};
		013DF76A24191D7800BFBD17 /* CreateInstallMedia */ = {
			isa = PBXGroup;
			children = (
				013DF76B24191D7800BFBD17 /* AppDelegate.applescript */,
				013DF76D24191D7C00BFBD17 /* Assets.xcassets */,
				013DF76F24191D7C00BFBD17 /* MainMenu.xib */,
				013DF77224191D7C00BFBD17 /* Info.plist */,
				013DF77324191D7C00BFBD17 /* main.m */,
			);
			path = CreateInstallMedia;
			sourceTree = "<group>";
		};
		013DF7A02419D81000BFBD17 /* Images */ = {
			isa = PBXGroup;
			children = (
				013DF77C2419D7FF00BFBD17 /* arrowbutton.tiff */,
				013DF78C2419D80300BFBD17 /* arrowbuttonLeft.tiff */,
				013DF7822419D80000BFBD17 /* arrowbuttonLeftPressed.tiff */,
				013DF77A2419D7FF00BFBD17 /* arrowbuttonPressed.tiff */,
				013DF77B2419D7FF00BFBD17 /* cancel.tiff */,
				013DF77F2419D80000BFBD17 /* cancelPressed.tiff */,
				013DF77D2419D7FF00BFBD17 /* CDAudioVolumeIcon.icns */,
				013DF78B2419D80300BFBD17 /* DownloadsFolder.icns */,
				013DF7802419D80000BFBD17 /* External.icns */,
				013DF77E2419D80000BFBD17 /* GenericFolderIcon.icns */,
				013DF7852419D80100BFBD17 /* Installer.icns */,
				013DF78A2419D80200BFBD17 /* moreInfo.tiff */,
				013DF7832419D80100BFBD17 /* moreInfoPressed.tiff */,
				013DF7812419D80000BFBD17 /* restart.tiff */,
				013DF7842419D80100BFBD17 /* restartPressed.tiff */,
				013DF7862419D80100BFBD17 /* skipButton.tiff */,
				013DF7872419D80200BFBD17 /* skipButtonPressed.tiff */,
				013DF7882419D80200BFBD17 /* start.tiff */,
				013DF7892419D80200BFBD17 /* startPressed.tiff */,
			);
			name = Images;
			sourceTree = "<group>";
		};
/* End PBXGroup section */

/* Begin PBXNativeTarget section */
		013DF76424191D7800BFBD17 /* CreateInstallMedia Beta */ = {
			isa = PBXNativeTarget;
			buildConfigurationList = 013DF77724191D7C00BFBD17 /* Build configuration list for PBXNativeTarget "CreateInstallMedia Beta" */;
			buildPhases = (
				013DF76124191D7800BFBD17 /* Sources */,
				013DF76224191D7800BFBD17 /* Frameworks */,
				013DF76324191D7800BFBD17 /* Resources */,
			);
			buildRules = (
			);
			dependencies = (
			);
			name = "CreateInstallMedia Beta";
			productName = CreateInstallMedia;
			productReference = 013DF76524191D7800BFBD17 /* CreateInstallMedia Beta.app */;
			productType = "com.apple.product-type.application";
		};
/* End PBXNativeTarget section */

/* Begin PBXProject section */
		013DF75D24191D7800BFBD17 /* Project object */ = {
			isa = PBXProject;
			attributes = {
				LastUpgradeCheck = 1030;
				ORGANIZATIONNAME = MinhTon;
				TargetAttributes = {
					013DF76424191D7800BFBD17 = {
						CreatedOnToolsVersion = 10.3;
					};
				};
			};
			buildConfigurationList = 013DF76024191D7800BFBD17 /* Build configuration list for PBXProject "CreateInstallMedia" */;
			compatibilityVersion = "Xcode 9.3";
			developmentRegion = en;
			hasScannedForEncodings = 0;
			knownRegions = (
				en,
				Base,
			);
			mainGroup = 013DF75C24191D7800BFBD17;
			productRefGroup = 013DF76624191D7800BFBD17 /* Products */;
			projectDirPath = "";
			projectRoot = "";
			targets = (
				013DF76424191D7800BFBD17 /* CreateInstallMedia Beta */,
			);
		};
/* End PBXProject section */

/* Begin PBXResourcesBuildPhase section */
		013DF76324191D7800BFBD17 /* Resources */ = {
			isa = PBXResourcesBuildPhase;
			buildActionMask = 2147483647;
			files = (
				013DF7942419D80300BFBD17 /* restart.tiff in Resources */,
				013DF79B2419D80300BFBD17 /* start.tiff in Resources */,
				013DF79D2419D80300BFBD17 /* moreInfo.tiff in Resources */,
				013DF7952419D80300BFBD17 /* arrowbuttonLeftPressed.tiff in Resources */,
				013DF7912419D80300BFBD17 /* GenericFolderIcon.icns in Resources */,
				013DF78E2419D80300BFBD17 /* cancel.tiff in Resources */,
				013DF7902419D80300BFBD17 /* CDAudioVolumeIcon.icns in Resources */,
				013DF76E24191D7C00BFBD17 /* Assets.xcassets in Resources */,
				013DF7A42419D9AC00BFBD17 /* Picture1.png in Resources */,
				013DF79A2419D80300BFBD17 /* skipButtonPressed.tiff in Resources */,
				013DF78D2419D80300BFBD17 /* arrowbuttonPressed.tiff in Resources */,
				013DF7992419D80300BFBD17 /* skipButton.tiff in Resources */,
				013DF7922419D80300BFBD17 /* cancelPressed.tiff in Resources */,
				013DF7962419D80300BFBD17 /* moreInfoPressed.tiff in Resources */,
				013DF7972419D80300BFBD17 /* restartPressed.tiff in Resources */,
				013DF79E2419D80300BFBD17 /* DownloadsFolder.icns in Resources */,
				013DF77124191D7C00BFBD17 /* MainMenu.xib in Resources */,
				013DF7932419D80300BFBD17 /* External.icns in Resources */,
				013DF78F2419D80300BFBD17 /* arrowbutton.tiff in Resources */,
				013DF79F2419D80300BFBD17 /* arrowbuttonLeft.tiff in Resources */,
				013DF79C2419D80300BFBD17 /* startPressed.tiff in Resources */,
				013DF7982419D80300BFBD17 /* Installer.icns in Resources */,
			);
			runOnlyForDeploymentPostprocessing = 0;
		};
/* End PBXResourcesBuildPhase section */

/* Begin PBXSourcesBuildPhase section */
		013DF76124191D7800BFBD17 /* Sources */ = {
			isa = PBXSourcesBuildPhase;
			buildActionMask = 2147483647;
			files = (
				013DF77424191D7C00BFBD17 /* main.m in Sources */,
				013DF76C24191D7800BFBD17 /* AppDelegate.applescript in Sources */,
			);
			runOnlyForDeploymentPostprocessing = 0;
		};
/* End PBXSourcesBuildPhase section */

/* Begin PBXVariantGroup section */
		013DF76F24191D7C00BFBD17 /* MainMenu.xib */ = {
			isa = PBXVariantGroup;
			children = (
				013DF77024191D7C00BFBD17 /* Base */,
			);
			name = MainMenu.xib;
			sourceTree = "<group>";
		};
/* End PBXVariantGroup section */

/* Begin XCBuildConfiguration section */
		013DF77524191D7C00BFBD17 /* Debug */ = {
			isa = XCBuildConfiguration;
			buildSettings = {
				ALWAYS_SEARCH_USER_PATHS = NO;
				CLANG_ANALYZER_NONNULL = YES;
				CLANG_ANALYZER_NUMBER_OBJECT_CONVERSION = YES_AGGRESSIVE;
				CLANG_CXX_LANGUAGE_STANDARD = "gnu++14";
				CLANG_CXX_LIBRARY = "libc++";
				CLANG_ENABLE_MODULES = YES;
				CLANG_ENABLE_OBJC_ARC = YES;
				CLANG_ENABLE_OBJC_WEAK = YES;
				CLANG_WARN_BLOCK_CAPTURE_AUTORELEASING = YES;
				CLANG_WARN_BOOL_CONVERSION = YES;
				CLANG_WARN_COMMA = YES;
				CLANG_WARN_CONSTANT_CONVERSION = YES;
				CLANG_WARN_DEPRECATED_OBJC_IMPLEMENTATIONS = YES;
				CLANG_WARN_DIRECT_OBJC_ISA_USAGE = YES_ERROR;
				CLANG_WARN_DOCUMENTATION_COMMENTS = YES;
				CLANG_WARN_EMPTY_BODY = YES;
				CLANG_WARN_ENUM_CONVERSION = YES;
				CLANG_WARN_INFINITE_RECURSION = YES;
				CLANG_WARN_INT_CONVERSION = YES;
				CLANG_WARN_NON_LITERAL_NULL_CONVERSION = YES;
				CLANG_WARN_OBJC_IMPLICIT_RETAIN_SELF = YES;
				CLANG_WARN_OBJC_LITERAL_CONVERSION = YES;
				CLANG_WARN_OBJC_ROOT_CLASS = YES_ERROR;
				CLANG_WARN_RANGE_LOOP_ANALYSIS = YES;
				CLANG_WARN_STRICT_PROTOTYPES = YES;
				CLANG_WARN_SUSPICIOUS_MOVE = YES;
				CLANG_WARN_UNGUARDED_AVAILABILITY = YES_AGGRESSIVE;
				CLANG_WARN_UNREACHABLE_CODE = YES;
				CLANG_WARN__DUPLICATE_METHOD_MATCH = YES;
				CODE_SIGN_IDENTITY = "Mac Developer";
				COPY_PHASE_STRIP = NO;
				DEBUG_INFORMATION_FORMAT = dwarf;
				ENABLE_STRICT_OBJC_MSGSEND = YES;
				ENABLE_TESTABILITY = YES;
				GCC_C_LANGUAGE_STANDARD = gnu11;
				GCC_DYNAMIC_NO_PIC = NO;
				GCC_NO_COMMON_BLOCKS = YES;
				GCC_OPTIMIZATION_LEVEL = 0;
				GCC_PREPROCESSOR_DEFINITIONS = (
					"DEBUG=1",
					"$(inherited)",
				);
				GCC_WARN_64_TO_32_BIT_CONVERSION = YES;
				GCC_WARN_ABOUT_RETURN_TYPE = YES_ERROR;
				GCC_WARN_UNDECLARED_SELECTOR = YES;
				GCC_WARN_UNINITIALIZED_AUTOS = YES_AGGRESSIVE;
				GCC_WARN_UNUSED_FUNCTION = YES;
				GCC_WARN_UNUSED_VARIABLE = YES;
				MACOSX_DEPLOYMENT_TARGET = 10.14;
				MTL_ENABLE_DEBUG_INFO = INCLUDE_SOURCE;
				MTL_FAST_MATH = YES;
				ONLY_ACTIVE_ARCH = YES;
				SDKROOT = macosx;
			};
			name = Debug;
		};
		013DF77624191D7C00BFBD17 /* Release */ = {
			isa = XCBuildConfiguration;
			buildSettings = {
				ALWAYS_SEARCH_USER_PATHS = NO;
				CLANG_ANALYZER_NONNULL = YES;
				CLANG_ANALYZER_NUMBER_OBJECT_CONVERSION = YES_AGGRESSIVE;
				CLANG_CXX_LANGUAGE_STANDARD = "gnu++14";
				CLANG_CXX_LIBRARY = "libc++";
				CLANG_ENABLE_MODULES = YES;
				CLANG_ENABLE_OBJC_ARC = YES;
				CLANG_ENABLE_OBJC_WEAK = YES;
				CLANG_WARN_BLOCK_CAPTURE_AUTORELEASING = YES;
				CLANG_WARN_BOOL_CONVERSION = YES;
				CLANG_WARN_COMMA = YES;
				CLANG_WARN_CONSTANT_CONVERSION = YES;
				CLANG_WARN_DEPRECATED_OBJC_IMPLEMENTATIONS = YES;
				CLANG_WARN_DIRECT_OBJC_ISA_USAGE = YES_ERROR;
				CLANG_WARN_DOCUMENTATION_COMMENTS = YES;
				CLANG_WARN_EMPTY_BODY = YES;
				CLANG_WARN_ENUM_CONVERSION = YES;
				CLANG_WARN_INFINITE_RECURSION = YES;
				CLANG_WARN_INT_CONVERSION = YES;
				CLANG_WARN_NON_LITERAL_NULL_CONVERSION = YES;
				CLANG_WARN_OBJC_IMPLICIT_RETAIN_SELF = YES;
				CLANG_WARN_OBJC_LITERAL_CONVERSION = YES;
				CLANG_WARN_OBJC_ROOT_CLASS = YES_ERROR;
				CLANG_WARN_RANGE_LOOP_ANALYSIS = YES;
				CLANG_WARN_STRICT_PROTOTYPES = YES;
				CLANG_WARN_SUSPICIOUS_MOVE = YES;
				CLANG_WARN_UNGUARDED_AVAILABILITY = YES_AGGRESSIVE;
				CLANG_WARN_UNREACHABLE_CODE = YES;
				CLANG_WARN__DUPLICATE_METHOD_MATCH = YES;
				CODE_SIGN_IDENTITY = "Mac Developer";
				COPY_PHASE_STRIP = NO;
				DEBUG_INFORMATION_FORMAT = "dwarf-with-dsym";
				ENABLE_NS_ASSERTIONS = NO;
				ENABLE_STRICT_OBJC_MSGSEND = YES;
				GCC_C_LANGUAGE_STANDARD = gnu11;
				GCC_NO_COMMON_BLOCKS = YES;
				GCC_WARN_64_TO_32_BIT_CONVERSION = YES;
				GCC_WARN_ABOUT_RETURN_TYPE = YES_ERROR;
				GCC_WARN_UNDECLARED_SELECTOR = YES;
				GCC_WARN_UNINITIALIZED_AUTOS = YES_AGGRESSIVE;
				GCC_WARN_UNUSED_FUNCTION = YES;
				GCC_WARN_UNUSED_VARIABLE = YES;
				MACOSX_DEPLOYMENT_TARGET = 10.14;
				MTL_ENABLE_DEBUG_INFO = NO;
				MTL_FAST_MATH = YES;
				SDKROOT = macosx;
			};
			name = Release;
		};
		013DF77824191D7C00BFBD17 /* Debug */ = {
			isa = XCBuildConfiguration;
			buildSettings = {
				ASSETCATALOG_COMPILER_APPICON_NAME = AppIcon;
				CODE_SIGN_STYLE = Automatic;
				COMBINE_HIDPI_IMAGES = YES;
				DEVELOPMENT_TEAM = NAR5D6HWAD;
				INFOPLIST_FILE = CreateInstallMedia/Info.plist;
				LD_RUNPATH_SEARCH_PATHS = (
					"$(inherited)",
					"@executable_path/../Frameworks",
				);
				MACOSX_DEPLOYMENT_TARGET = 10.7;
				OSACOMPILE_EXECUTE_ONLY = YES;
				PRODUCT_BUNDLE_IDENTIFIER = fordApps.createinstallmedia;
				PRODUCT_NAME = "$(TARGET_NAME)";
			};
			name = Debug;
		};
		013DF77924191D7C00BFBD17 /* Release */ = {
			isa = XCBuildConfiguration;
			buildSettings = {
				ASSETCATALOG_COMPILER_APPICON_NAME = AppIcon;
				CODE_SIGN_STYLE = Automatic;
				COMBINE_HIDPI_IMAGES = YES;
				DEVELOPMENT_TEAM = NAR5D6HWAD;
				INFOPLIST_FILE = CreateInstallMedia/Info.plist;
				LD_RUNPATH_SEARCH_PATHS = (
					"$(inherited)",
					"@executable_path/../Frameworks",
				);
				MACOSX_DEPLOYMENT_TARGET = 10.7;
				OSACOMPILE_EXECUTE_ONLY = YES;
				PRODUCT_BUNDLE_IDENTIFIER = fordApps.createinstallmedia;
				PRODUCT_NAME = "$(TARGET_NAME)";
			};
			name = Release;
		};
/* End XCBuildConfiguration section */

/* Begin XCConfigurationList section */
		013DF76024191D7800BFBD17 /* Build configuration list for PBXProject "CreateInstallMedia" */ = {
			isa = XCConfigurationList;
			buildConfigurations = (
				013DF77524191D7C00BFBD17 /* Debug */,
				013DF77624191D7C00BFBD17 /* Release */,
			);
			defaultConfigurationIsVisible = 0;
			defaultConfigurationName = Release;
		};
		013DF77724191D7C00BFBD17 /* Build configuration list for PBXNativeTarget "CreateInstallMedia Beta" */ = {
			isa = XCConfigurationList;
			buildConfigurations = (
				013DF77824191D7C00BFBD17 /* Debug */,
				013DF77924191D7C00BFBD17 /* Release */,
			);
			defaultConfigurationIsVisible = 0;
			defaultConfigurationName = Release;
		};
/* End XCConfigurationList section */
	};
	rootObject = 013DF75D24191D7800BFBD17 /* Project object */;
}
