// !$*UTF8*$!
{
	archiveVersion = 1;
	classes = {
	};
	objectVersion = 50;
	objects = {

/* Begin PBXBuildFile section */
		0101BEEA2453D13E002FA48F /* cacert.pem in Resources */ = {isa = PBXBuildFile; fileRef = 0101BEE82453D13D002FA48F /* cacert.pem */; };
		0101BEEB2453D13E002FA48F /* curl in Resources */ = {isa = PBXBuildFile; fileRef = 0101BEE92453D13E002FA48F /* curl */; };
		01449873244EF00300885005 /* downloadosflags.plist in Resources */ = {isa = PBXBuildFile; fileRef = 01449872244EF00300885005 /* downloadosflags.plist */; };
		01482E1B2456EE4A0035B2CD /* macos.icns in Resources */ = {isa = PBXBuildFile; fileRef = 01482E1A2456EE4A0035B2CD /* macos.icns */; };
		0160047E244ABF7D0025D2BB /* createinstallfiles.sh in Resources */ = {isa = PBXBuildFile; fileRef = 0160047D244ABF7D0025D2BB /* createinstallfiles.sh */; };
		0169CE722449AC0800B68E67 /* openinstallcreatorflags.plist in Resources */ = {isa = PBXBuildFile; fileRef = 0169CE712449AC0800B68E67 /* openinstallcreatorflags.plist */; };
		01770E51244AE720003C924C /* About.xib in Resources */ = {isa = PBXBuildFile; fileRef = 01770E4F244AE720003C924C /* About.xib */; };
		01770E53244AE898003C924C /* imac27.png in Resources */ = {isa = PBXBuildFile; fileRef = 01770E52244AE897003C924C /* imac27.png */; };
		01B8E527245545B300D7D477 /* SoftwareUpdate.png in Resources */ = {isa = PBXBuildFile; fileRef = 01B8E526245545B300D7D477 /* SoftwareUpdate.png */; };
		01BB7EE9244B4C5700F19CED /* downloads.icns in Resources */ = {isa = PBXBuildFile; fileRef = 01BB7EE8244B4C5700F19CED /* downloads.icns */; };
		01BB7EEB244BE62000F19CED /* pbzx in Resources */ = {isa = PBXBuildFile; fileRef = 01BB7EEA244BE62000F19CED /* pbzx */; };
		01BB7EED244BE65300F19CED /* volumeicon.bundle in Resources */ = {isa = PBXBuildFile; fileRef = 01BB7EEC244BE65300F19CED /* volumeicon.bundle */; };
		01F3D54C244C0DDE00E6FE9E /* AppleScriptObjC.framework in Frameworks */ = {isa = PBXBuildFile; fileRef = 01F7D9F024361C5800729EE0 /* AppleScriptObjC.framework */; };
		01F7D9F424361C5800729EE0 /* AppDelegate.applescript in Sources */ = {isa = PBXBuildFile; fileRef = 01F7D9F324361C5800729EE0 /* AppDelegate.applescript */; };
		01F7D9F624361C5C00729EE0 /* Assets.xcassets in Resources */ = {isa = PBXBuildFile; fileRef = 01F7D9F524361C5C00729EE0 /* Assets.xcassets */; };
		01F7D9F924361C5C00729EE0 /* MainMenu.xib in Resources */ = {isa = PBXBuildFile; fileRef = 01F7D9F724361C5C00729EE0 /* MainMenu.xib */; };
		01F7D9FC24361C5C00729EE0 /* main.m in Sources */ = {isa = PBXBuildFile; fileRef = 01F7D9FB24361C5C00729EE0 /* main.m */; };
		01F7DA07243630DD00729EE0 /* arrowbutton.tiff in Resources */ = {isa = PBXBuildFile; fileRef = 01F7DA06243630DD00729EE0 /* arrowbutton.tiff */; };
/* End PBXBuildFile section */

/* Begin PBXFileReference section */
		0101BEE82453D13D002FA48F /* cacert.pem */ = {isa = PBXFileReference; fileEncoding = 4; lastKnownFileType = text; path = cacert.pem; sourceTree = "<group>"; };
		0101BEE92453D13E002FA48F /* curl */ = {isa = PBXFileReference; lastKnownFileType = "compiled.mach-o.executable"; path = curl; sourceTree = "<group>"; };
		013B7EDB244DA1D60065F710 /* openinstallcreator.entitlements */ = {isa = PBXFileReference; lastKnownFileType = text.plist.entitlements; path = openinstallcreator.entitlements; sourceTree = "<group>"; };
		01449872244EF00300885005 /* downloadosflags.plist */ = {isa = PBXFileReference; lastKnownFileType = text.plist.xml; path = downloadosflags.plist; sourceTree = "<group>"; };
		01482E1A2456EE4A0035B2CD /* macos.icns */ = {isa = PBXFileReference; lastKnownFileType = image.icns; path = macos.icns; sourceTree = "<group>"; };
		0160047D244ABF7D0025D2BB /* createinstallfiles.sh */ = {isa = PBXFileReference; lastKnownFileType = text.script.sh; path = createinstallfiles.sh; sourceTree = "<group>"; };
		0169CE712449AC0800B68E67 /* openinstallcreatorflags.plist */ = {isa = PBXFileReference; lastKnownFileType = text.plist.xml; path = openinstallcreatorflags.plist; sourceTree = "<group>"; };
		01770E50244AE720003C924C /* en */ = {isa = PBXFileReference; lastKnownFileType = file.xib; name = en; path = en.lproj/About.xib; sourceTree = "<group>"; };
		01770E52244AE897003C924C /* imac27.png */ = {isa = PBXFileReference; lastKnownFileType = image.png; path = imac27.png; sourceTree = "<group>"; };
		01B8E526245545B300D7D477 /* SoftwareUpdate.png */ = {isa = PBXFileReference; lastKnownFileType = image.png; path = SoftwareUpdate.png; sourceTree = "<group>"; };
		01BB7EE8244B4C5700F19CED /* downloads.icns */ = {isa = PBXFileReference; lastKnownFileType = image.icns; path = downloads.icns; sourceTree = "<group>"; };
		01BB7EEA244BE62000F19CED /* pbzx */ = {isa = PBXFileReference; lastKnownFileType = "compiled.mach-o.executable"; path = pbzx; sourceTree = "<group>"; };
		01BB7EEC244BE65300F19CED /* volumeicon.bundle */ = {isa = PBXFileReference; lastKnownFileType = "wrapper.plug-in"; path = volumeicon.bundle; sourceTree = "<group>"; };
		01F7D9ED24361C5800729EE0 /* openinstallcreator.app */ = {isa = PBXFileReference; explicitFileType = wrapper.application; includeInIndex = 0; path = openinstallcreator.app; sourceTree = BUILT_PRODUCTS_DIR; };
		01F7D9F024361C5800729EE0 /* AppleScriptObjC.framework */ = {isa = PBXFileReference; lastKnownFileType = wrapper.framework; name = AppleScriptObjC.framework; path = System/Library/Frameworks/AppleScriptObjC.framework; sourceTree = SDKROOT; };
		01F7D9F324361C5800729EE0 /* AppDelegate.applescript */ = {isa = PBXFileReference; lastKnownFileType = sourcecode.applescript; path = AppDelegate.applescript; sourceTree = "<group>"; };
		01F7D9F524361C5C00729EE0 /* Assets.xcassets */ = {isa = PBXFileReference; lastKnownFileType = folder.assetcatalog; path = Assets.xcassets; sourceTree = "<group>"; };
		01F7D9FA24361C5C00729EE0 /* Info.plist */ = {isa = PBXFileReference; lastKnownFileType = text.plist.xml; path = Info.plist; sourceTree = "<group>"; };
		01F7D9FB24361C5C00729EE0 /* main.m */ = {isa = PBXFileReference; lastKnownFileType = sourcecode.c.objc; path = main.m; sourceTree = "<group>"; };
		01F7DA05243628C600729EE0 /* en */ = {isa = PBXFileReference; lastKnownFileType = file.xib; name = en; path = en.lproj/MainMenu.xib; sourceTree = "<group>"; };
		01F7DA06243630DD00729EE0 /* arrowbutton.tiff */ = {isa = PBXFileReference; lastKnownFileType = image.tiff; path = arrowbutton.tiff; sourceTree = "<group>"; };
/* End PBXFileReference section */

/* Begin PBXFrameworksBuildPhase section */
		01F7D9EA24361C5800729EE0 /* Frameworks */ = {
			isa = PBXFrameworksBuildPhase;
			buildActionMask = 2147483647;
			files = (
				01F3D54C244C0DDE00E6FE9E /* AppleScriptObjC.framework in Frameworks */,
			);
			runOnlyForDeploymentPostprocessing = 0;
		};
/* End PBXFrameworksBuildPhase section */

/* Begin PBXGroup section */
		011FBD2A24511836007EFD9A /* Other files */ = {
			isa = PBXGroup;
			children = (
				01BB7EEC244BE65300F19CED /* volumeicon.bundle */,
				01449872244EF00300885005 /* downloadosflags.plist */,
				0160047D244ABF7D0025D2BB /* createinstallfiles.sh */,
				0169CE712449AC0800B68E67 /* openinstallcreatorflags.plist */,
				01BB7EEA244BE62000F19CED /* pbzx */,
				0101BEE92453D13E002FA48F /* curl */,
				0101BEE82453D13D002FA48F /* cacert.pem */,
			);
			path = "Other files";
			sourceTree = "<group>";
		};
		01770E4E244AE56A003C924C /* Resources */ = {
			isa = PBXGroup;
			children = (
				01B8E526245545B300D7D477 /* SoftwareUpdate.png */,
				01F7DA06243630DD00729EE0 /* arrowbutton.tiff */,
				01770E52244AE897003C924C /* imac27.png */,
				01482E1A2456EE4A0035B2CD /* macos.icns */,
				01BB7EE8244B4C5700F19CED /* downloads.icns */,
			);
			path = Resources;
			sourceTree = "<group>";
		};
		01F7D9E424361C5800729EE0 = {
			isa = PBXGroup;
			children = (
				01F7D9F224361C5800729EE0 /* openinstallcreator */,
				01F7D9EF24361C5800729EE0 /* Frameworks */,
				01F7D9EE24361C5800729EE0 /* Products */,
				01770E4E244AE56A003C924C /* Resources */,
				011FBD2A24511836007EFD9A /* Other files */,
			);
			sourceTree = "<group>";
		};
		01F7D9EE24361C5800729EE0 /* Products */ = {
			isa = PBXGroup;
			children = (
				01F7D9ED24361C5800729EE0 /* openinstallcreator.app */,
			);
			name = Products;
			sourceTree = "<group>";
		};
		01F7D9EF24361C5800729EE0 /* Frameworks */ = {
			isa = PBXGroup;
			children = (
				01F7D9F024361C5800729EE0 /* AppleScriptObjC.framework */,
			);
			name = Frameworks;
			sourceTree = "<group>";
		};
		01F7D9F224361C5800729EE0 /* openinstallcreator */ = {
			isa = PBXGroup;
			children = (
				013B7EDB244DA1D60065F710 /* openinstallcreator.entitlements */,
				01F7D9F324361C5800729EE0 /* AppDelegate.applescript */,
				01F7D9F524361C5C00729EE0 /* Assets.xcassets */,
				01F7D9F724361C5C00729EE0 /* MainMenu.xib */,
				01770E4F244AE720003C924C /* About.xib */,
				01F7D9FB24361C5C00729EE0 /* main.m */,
				01F7D9FA24361C5C00729EE0 /* Info.plist */,
			);
			path = openinstallcreator;
			sourceTree = "<group>";
		};
/* End PBXGroup section */

/* Begin PBXNativeTarget section */
		01F7D9EC24361C5800729EE0 /* openinstallcreator */ = {
			isa = PBXNativeTarget;
			buildConfigurationList = 01F7D9FF24361C5C00729EE0 /* Build configuration list for PBXNativeTarget "openinstallcreator" */;
			buildPhases = (
				01F7D9E924361C5800729EE0 /* Sources */,
				01F7D9EA24361C5800729EE0 /* Frameworks */,
				01F7D9EB24361C5800729EE0 /* Resources */,
			);
			buildRules = (
			);
			dependencies = (
			);
			name = openinstallcreator;
			productName = ProMacInstaller;
			productReference = 01F7D9ED24361C5800729EE0 /* openinstallcreator.app */;
			productType = "com.apple.product-type.application";
		};
/* End PBXNativeTarget section */

/* Begin PBXProject section */
		01F7D9E524361C5800729EE0 /* Project object */ = {
			isa = PBXProject;
			attributes = {
				LastUpgradeCheck = 1030;
				ORGANIZATIONNAME = MinhTon;
				TargetAttributes = {
					01F7D9EC24361C5800729EE0 = {
						CreatedOnToolsVersion = 10.3;
						SystemCapabilities = {
							com.apple.HardenedRuntime = {
								enabled = 1;
							};
						};
					};
				};
			};
			buildConfigurationList = 01F7D9E824361C5800729EE0 /* Build configuration list for PBXProject "openinstallcreator" */;
			compatibilityVersion = "Xcode 9.3";
			developmentRegion = en;
			hasScannedForEncodings = 0;
			knownRegions = (
				en,
				Base,
			);
			mainGroup = 01F7D9E424361C5800729EE0;
			productRefGroup = 01F7D9EE24361C5800729EE0 /* Products */;
			projectDirPath = "";
			projectRoot = "";
			targets = (
				01F7D9EC24361C5800729EE0 /* openinstallcreator */,
			);
		};
/* End PBXProject section */

/* Begin PBXResourcesBuildPhase section */
		01F7D9EB24361C5800729EE0 /* Resources */ = {
			isa = PBXResourcesBuildPhase;
			buildActionMask = 2147483647;
			files = (
				01BB7EE9244B4C5700F19CED /* downloads.icns in Resources */,
				01770E53244AE898003C924C /* imac27.png in Resources */,
				01B8E527245545B300D7D477 /* SoftwareUpdate.png in Resources */,
				01BB7EEB244BE62000F19CED /* pbzx in Resources */,
				01449873244EF00300885005 /* downloadosflags.plist in Resources */,
				0169CE722449AC0800B68E67 /* openinstallcreatorflags.plist in Resources */,
				0160047E244ABF7D0025D2BB /* createinstallfiles.sh in Resources */,
				01482E1B2456EE4A0035B2CD /* macos.icns in Resources */,
				0101BEEA2453D13E002FA48F /* cacert.pem in Resources */,
				01770E51244AE720003C924C /* About.xib in Resources */,
				01BB7EED244BE65300F19CED /* volumeicon.bundle in Resources */,
				01F7D9F624361C5C00729EE0 /* Assets.xcassets in Resources */,
				0101BEEB2453D13E002FA48F /* curl in Resources */,
				01F7DA07243630DD00729EE0 /* arrowbutton.tiff in Resources */,
				01F7D9F924361C5C00729EE0 /* MainMenu.xib in Resources */,
			);
			runOnlyForDeploymentPostprocessing = 0;
		};
/* End PBXResourcesBuildPhase section */

/* Begin PBXSourcesBuildPhase section */
		01F7D9E924361C5800729EE0 /* Sources */ = {
			isa = PBXSourcesBuildPhase;
			buildActionMask = 2147483647;
			files = (
				01F7D9FC24361C5C00729EE0 /* main.m in Sources */,
				01F7D9F424361C5800729EE0 /* AppDelegate.applescript in Sources */,
			);
			runOnlyForDeploymentPostprocessing = 0;
		};
/* End PBXSourcesBuildPhase section */

/* Begin PBXVariantGroup section */
		01770E4F244AE720003C924C /* About.xib */ = {
			isa = PBXVariantGroup;
			children = (
				01770E50244AE720003C924C /* en */,
			);
			name = About.xib;
			sourceTree = "<group>";
		};
		01F7D9F724361C5C00729EE0 /* MainMenu.xib */ = {
			isa = PBXVariantGroup;
			children = (
				01F7DA05243628C600729EE0 /* en */,
			);
			name = MainMenu.xib;
			sourceTree = "<group>";
		};
/* End PBXVariantGroup section */

/* Begin XCBuildConfiguration section */
		01F7D9FD24361C5C00729EE0 /* Debug */ = {
			isa = XCBuildConfiguration;
			buildSettings = {
				ALWAYS_SEARCH_USER_PATHS = NO;
				CLANG_ANALYZER_NONNULL = YES;
				CLANG_ANALYZER_NUMBER_OBJECT_CONVERSION = YES_AGGRESSIVE;
				CLANG_CXX_LANGUAGE_STANDARD = "gnu++14";
				CLANG_CXX_LIBRARY = "libc++";
				CLANG_ENABLE_MODULES = YES;
				CLANG_ENABLE_OBJC_ARC = YES;
				CLANG_ENABLE_OBJC_WEAK = YES;
				CLANG_WARN_BLOCK_CAPTURE_AUTORELEASING = YES;
				CLANG_WARN_BOOL_CONVERSION = YES;
				CLANG_WARN_COMMA = YES;
				CLANG_WARN_CONSTANT_CONVERSION = YES;
				CLANG_WARN_DEPRECATED_OBJC_IMPLEMENTATIONS = YES;
				CLANG_WARN_DIRECT_OBJC_ISA_USAGE = YES_ERROR;
				CLANG_WARN_DOCUMENTATION_COMMENTS = YES;
				CLANG_WARN_EMPTY_BODY = YES;
				CLANG_WARN_ENUM_CONVERSION = YES;
				CLANG_WARN_INFINITE_RECURSION = YES;
				CLANG_WARN_INT_CONVERSION = YES;
				CLANG_WARN_NON_LITERAL_NULL_CONVERSION = YES;
				CLANG_WARN_OBJC_IMPLICIT_RETAIN_SELF = YES;
				CLANG_WARN_OBJC_LITERAL_CONVERSION = YES;
				CLANG_WARN_OBJC_ROOT_CLASS = YES_ERROR;
				CLANG_WARN_RANGE_LOOP_ANALYSIS = YES;
				CLANG_WARN_STRICT_PROTOTYPES = YES;
				CLANG_WARN_SUSPICIOUS_MOVE = YES;
				CLANG_WARN_UNGUARDED_AVAILABILITY = YES_AGGRESSIVE;
				CLANG_WARN_UNREACHABLE_CODE = YES;
				CLANG_WARN__DUPLICATE_METHOD_MATCH = YES;
				CODE_SIGN_IDENTITY = "Mac Developer";
				COPY_PHASE_STRIP = NO;
				DEBUG_INFORMATION_FORMAT = dwarf;
				ENABLE_STRICT_OBJC_MSGSEND = YES;
				ENABLE_TESTABILITY = YES;
				GCC_C_LANGUAGE_STANDARD = gnu11;
				GCC_DYNAMIC_NO_PIC = NO;
				GCC_NO_COMMON_BLOCKS = YES;
				GCC_OPTIMIZATION_LEVEL = 0;
				GCC_PREPROCESSOR_DEFINITIONS = (
					"DEBUG=1",
					"$(inherited)",
				);
				GCC_WARN_64_TO_32_BIT_CONVERSION = YES;
				GCC_WARN_ABOUT_RETURN_TYPE = YES_ERROR;
				GCC_WARN_UNDECLARED_SELECTOR = YES;
				GCC_WARN_UNINITIALIZED_AUTOS = YES_AGGRESSIVE;
				GCC_WARN_UNUSED_FUNCTION = YES;
				GCC_WARN_UNUSED_VARIABLE = YES;
				MACOSX_DEPLOYMENT_TARGET = 10.14;
				MTL_ENABLE_DEBUG_INFO = INCLUDE_SOURCE;
				MTL_FAST_MATH = YES;
				ONLY_ACTIVE_ARCH = YES;
				SDKROOT = macosx;
			};
			name = Debug;
		};
		01F7D9FE24361C5C00729EE0 /* Release */ = {
			isa = XCBuildConfiguration;
			buildSettings = {
				ALWAYS_SEARCH_USER_PATHS = NO;
				CLANG_ANALYZER_NONNULL = YES;
				CLANG_ANALYZER_NUMBER_OBJECT_CONVERSION = YES_AGGRESSIVE;
				CLANG_CXX_LANGUAGE_STANDARD = "gnu++14";
				CLANG_CXX_LIBRARY = "libc++";
				CLANG_ENABLE_MODULES = YES;
				CLANG_ENABLE_OBJC_ARC = YES;
				CLANG_ENABLE_OBJC_WEAK = YES;
				CLANG_WARN_BLOCK_CAPTURE_AUTORELEASING = YES;
				CLANG_WARN_BOOL_CONVERSION = YES;
				CLANG_WARN_COMMA = YES;
				CLANG_WARN_CONSTANT_CONVERSION = YES;
				CLANG_WARN_DEPRECATED_OBJC_IMPLEMENTATIONS = YES;
				CLANG_WARN_DIRECT_OBJC_ISA_USAGE = YES_ERROR;
				CLANG_WARN_DOCUMENTATION_COMMENTS = YES;
				CLANG_WARN_EMPTY_BODY = YES;
				CLANG_WARN_ENUM_CONVERSION = YES;
				CLANG_WARN_INFINITE_RECURSION = YES;
				CLANG_WARN_INT_CONVERSION = YES;
				CLANG_WARN_NON_LITERAL_NULL_CONVERSION = YES;
				CLANG_WARN_OBJC_IMPLICIT_RETAIN_SELF = YES;
				CLANG_WARN_OBJC_LITERAL_CONVERSION = YES;
				CLANG_WARN_OBJC_ROOT_CLASS = YES_ERROR;
				CLANG_WARN_RANGE_LOOP_ANALYSIS = YES;
				CLANG_WARN_STRICT_PROTOTYPES = YES;
				CLANG_WARN_SUSPICIOUS_MOVE = YES;
				CLANG_WARN_UNGUARDED_AVAILABILITY = YES_AGGRESSIVE;
				CLANG_WARN_UNREACHABLE_CODE = YES;
				CLANG_WARN__DUPLICATE_METHOD_MATCH = YES;
				CODE_SIGN_IDENTITY = "Mac Developer";
				COPY_PHASE_STRIP = NO;
				DEBUG_INFORMATION_FORMAT = "dwarf-with-dsym";
				ENABLE_NS_ASSERTIONS = NO;
				ENABLE_STRICT_OBJC_MSGSEND = YES;
				GCC_C_LANGUAGE_STANDARD = gnu11;
				GCC_NO_COMMON_BLOCKS = YES;
				GCC_WARN_64_TO_32_BIT_CONVERSION = YES;
				GCC_WARN_ABOUT_RETURN_TYPE = YES_ERROR;
				GCC_WARN_UNDECLARED_SELECTOR = YES;
				GCC_WARN_UNINITIALIZED_AUTOS = YES_AGGRESSIVE;
				GCC_WARN_UNUSED_FUNCTION = YES;
				GCC_WARN_UNUSED_VARIABLE = YES;
				MACOSX_DEPLOYMENT_TARGET = 10.14;
				MTL_ENABLE_DEBUG_INFO = NO;
				MTL_FAST_MATH = YES;
				SDKROOT = macosx;
			};
			name = Release;
		};
		01F7DA0024361C5C00729EE0 /* Debug */ = {
			isa = XCBuildConfiguration;
			buildSettings = {
				ASSETCATALOG_COMPILER_APPICON_NAME = openinstallcreator;
				CLANG_ENABLE_OBJC_WEAK = NO;
				CODE_SIGN_ENTITLEMENTS = openinstallcreator/openinstallcreator.entitlements;
				CODE_SIGN_IDENTITY = "Mac Developer";
				CODE_SIGN_STYLE = Automatic;
				COMBINE_HIDPI_IMAGES = YES;
				DEVELOPMENT_TEAM = NAR5D6HWAD;
				ENABLE_HARDENED_RUNTIME = YES;
				FRAMEWORK_SEARCH_PATHS = (
					"$(inherited)",
					"$(PROJECT_DIR)",
				);
				INFOPLIST_FILE = openinstallcreator/Info.plist;
				LD_RUNPATH_SEARCH_PATHS = (
					"$(inherited)",
					"@executable_path/../Frameworks",
				);
				MACOSX_DEPLOYMENT_TARGET = 10.6;
				OSACOMPILE_EXECUTE_ONLY = YES;
				PRODUCT_BUNDLE_IDENTIFIER = com.fordApps.openinstallcreator;
				PRODUCT_NAME = "$(TARGET_NAME)";
				PROVISIONING_PROFILE_SPECIFIER = "";
			};
			name = Debug;
		};
		01F7DA0124361C5C00729EE0 /* Release */ = {
			isa = XCBuildConfiguration;
			buildSettings = {
				ASSETCATALOG_COMPILER_APPICON_NAME = openinstallcreator;
				CLANG_ENABLE_OBJC_WEAK = NO;
				CODE_SIGN_ENTITLEMENTS = openinstallcreator/openinstallcreator.entitlements;
				CODE_SIGN_IDENTITY = "Mac Developer";
				CODE_SIGN_STYLE = Automatic;
				COMBINE_HIDPI_IMAGES = YES;
				DEVELOPMENT_TEAM = NAR5D6HWAD;
				ENABLE_HARDENED_RUNTIME = YES;
				FRAMEWORK_SEARCH_PATHS = (
					"$(inherited)",
					"$(PROJECT_DIR)",
				);
				INFOPLIST_FILE = openinstallcreator/Info.plist;
				LD_RUNPATH_SEARCH_PATHS = (
					"$(inherited)",
					"@executable_path/../Frameworks",
				);
				MACOSX_DEPLOYMENT_TARGET = 10.6;
				OSACOMPILE_EXECUTE_ONLY = YES;
				PRODUCT_BUNDLE_IDENTIFIER = com.fordApps.openinstallcreator;
				PRODUCT_NAME = "$(TARGET_NAME)";
				PROVISIONING_PROFILE_SPECIFIER = "";
			};
			name = Release;
		};
/* End XCBuildConfiguration section */

/* Begin XCConfigurationList section */
		01F7D9E824361C5800729EE0 /* Build configuration list for PBXProject "openinstallcreator" */ = {
			isa = XCConfigurationList;
			buildConfigurations = (
				01F7D9FD24361C5C00729EE0 /* Debug */,
				01F7D9FE24361C5C00729EE0 /* Release */,
			);
			defaultConfigurationIsVisible = 0;
			defaultConfigurationName = Release;
		};
		01F7D9FF24361C5C00729EE0 /* Build configuration list for PBXNativeTarget "openinstallcreator" */ = {
			isa = XCConfigurationList;
			buildConfigurations = (
				01F7DA0024361C5C00729EE0 /* Debug */,
				01F7DA0124361C5C00729EE0 /* Release */,
			);
			defaultConfigurationIsVisible = 0;
			defaultConfigurationName = Release;
		};
/* End XCConfigurationList section */
	};
	rootObject = 01F7D9E524361C5800729EE0 /* Project object */;
}
